
Microsoft Visual Studio Solution File, Format Version 12.00
# Visual Studio Version 16
VisualStudioVersion = 16.0.29728.190
MinimumVisualStudioVersion = 10.0.40219.1
Project("{8BC9CEB8-8B4A-11D0-8D11-00A0C91BC942}") = "ReverseLinkedlist", "ReverseLinkedlist\ReverseLinkedlist.vcxproj", "{BE16DCDF-9C41-4CCD-96A4-9846F421A568}"
EndProject
Global
	GlobalSection(SolutionConfigurationPlatforms) = preSolution
		Debug|x64 = Debug|x64
		Debug|x86 = Debug|x86
		Release|x64 = Release|x64
		Release|x86 = Release|x86
	EndGlobalSection
	GlobalSection(ProjectConfigurationPlatforms) = postSolution
		{BE16DCDF-9C41-4CCD-96A4-9846F421A568}.Debug|x64.ActiveCfg = Debug|x64
		{BE16DCDF-9C41-4CCD-96A4-9846F421A568}.Debug|x64.Build.0 = Debug|x64
		{BE16DCDF-9C41-4CCD-96A4-9846F421A568}.Debug|x86.ActiveCfg = Debug|Win32
		{BE16DCDF-9C41-4CCD-96A4-9846F421A568}.Debug|x86.Build.0 = Debug|Win32
		{BE16DCDF-9C41-4CCD-96A4-9846F421A568}.Release|x64.ActiveCfg = Release|x64
		{BE16DCDF-9C41-4CCD-96A4-9846F421A568}.Release|x64.Build.0 = Release|x64
		{BE16DCDF-9C41-4CCD-96A4-9846F421A568}.Release|x86.ActiveCfg = Release|Win32
		{BE16DCDF-9C41-4CCD-96A4-9846F421A568}.Release|x86.Build.0 = Release|Win32
	EndGlobalSection
	GlobalSection(SolutionProperties) = preSolution
		HideSolutionNode = FALSE
	EndGlobalSection
	GlobalSection(ExtensibilityGlobals) = postSolution
		SolutionGuid = {4675939B-5274-4D49-B79A-FE71E3E3E9B7}
	EndGlobalSection
EndGlobal
